
Microsoft Visual Studio Solution File, Format Version 12.00
# Visual Studio 15
VisualStudioVersion = 15.0.26228.4
MinimumVisualStudioVersion = 10.0.40219.1
Project("{FAE04EC0-301F-11D3-BF4B-00C04F79EFBC}") = "Banco.Console", "Banco.Console\Banco.Console.csproj", "{FA36E2D6-AB5F-4E89-9011-E75B9CB63826}"
EndProject
Project("{FAE04EC0-301F-11D3-BF4B-00C04F79EFBC}") = "Banco.Entities", "Banco.Entities\Banco.Entities.csproj", "{0E1EC06C-BEA4-448F-A11E-36FC837A521A}"
EndProject
Project("{FAE04EC0-301F-11D3-BF4B-00C04F79EFBC}") = "Banco.Persistence", "Banco.Persistence\Banco.Persistence.csproj", "{FC95F942-4809-482F-8076-AF66DA45F884}"
EndProject
Global
	GlobalSection(SolutionConfigurationPlatforms) = preSolution
		Debug|Any CPU = Debug|Any CPU
		Release|Any CPU = Release|Any CPU
	EndGlobalSection
	GlobalSection(ProjectConfigurationPlatforms) = postSolution
		{FA36E2D6-AB5F-4E89-9011-E75B9CB63826}.Debug|Any CPU.ActiveCfg = Debug|Any CPU
		{FA36E2D6-AB5F-4E89-9011-E75B9CB63826}.Debug|Any CPU.Build.0 = Debug|Any CPU
		{FA36E2D6-AB5F-4E89-9011-E75B9CB63826}.Release|Any CPU.ActiveCfg = Release|Any CPU
		{FA36E2D6-AB5F-4E89-9011-E75B9CB63826}.Release|Any CPU.Build.0 = Release|Any CPU
		{0E1EC06C-BEA4-448F-A11E-36FC837A521A}.Debug|Any CPU.ActiveCfg = Debug|Any CPU
		{0E1EC06C-BEA4-448F-A11E-36FC837A521A}.Debug|Any CPU.Build.0 = Debug|Any CPU
		{0E1EC06C-BEA4-448F-A11E-36FC837A521A}.Release|Any CPU.ActiveCfg = Release|Any CPU
		{0E1EC06C-BEA4-448F-A11E-36FC837A521A}.Release|Any CPU.Build.0 = Release|Any CPU
		{FC95F942-4809-482F-8076-AF66DA45F884}.Debug|Any CPU.ActiveCfg = Debug|Any CPU
		{FC95F942-4809-482F-8076-AF66DA45F884}.Debug|Any CPU.Build.0 = Debug|Any CPU
		{FC95F942-4809-482F-8076-AF66DA45F884}.Release|Any CPU.ActiveCfg = Release|Any CPU
		{FC95F942-4809-482F-8076-AF66DA45F884}.Release|Any CPU.Build.0 = Release|Any CPU
	EndGlobalSection
	GlobalSection(SolutionProperties) = preSolution
		HideSolutionNode = FALSE
	EndGlobalSection
EndGlobal
